
Microsoft Visual Studio Solution File, Format Version 12.00
# Visual Studio Version 17
VisualStudioVersion = 17.14.37111.16 d17.14
MinimumVisualStudioVersion = 10.0.40219.1
Project("{FAE04EC0-301F-11D3-BF4B-00C04F79EFBC}") = "PawPulse", "PawPulse\PawPulse.csproj", "{FD661920-84B7-4684-B4EC-B9735BB3334F}"
EndProject
Global
	GlobalSection(SolutionConfigurationPlatforms) = preSolution
		Debug|Any CPU = Debug|Any CPU
		Release|Any CPU = Release|Any CPU
	EndGlobalSection
	GlobalSection(ProjectConfigurationPlatforms) = postSolution
		{FD661920-84B7-4684-B4EC-B9735BB3334F}.Debug|Any CPU.ActiveCfg = Debug|Any CPU
		{FD661920-84B7-4684-B4EC-B9735BB3334F}.Debug|Any CPU.Build.0 = Debug|Any CPU
		{FD661920-84B7-4684-B4EC-B9735BB3334F}.Release|Any CPU.ActiveCfg = Release|Any CPU
		{FD661920-84B7-4684-B4EC-B9735BB3334F}.Release|Any CPU.Build.0 = Release|Any CPU
	EndGlobalSection
	GlobalSection(SolutionProperties) = preSolution
		HideSolutionNode = FALSE
	EndGlobalSection
	GlobalSection(ExtensibilityGlobals) = postSolution
		SolutionGuid = {CE27EC4A-3065-422F-8B5B-568768D139BD}
	EndGlobalSection
EndGlobal
